{
	"name": "@igor.dvlpr/compiler",
	"version": "0.0.1-alpha.0",
	"lockfileVersion": 3,
	"requires": true,
	"packages": {
		"": {
			"name": "@igor.dvlpr/compiler",
			"version": "0.0.1-alpha.0",
			"license": "MIT",
			"dependencies": {
				"@aria-toolkit/shared": "^0.0.1-alpha.0",
				"@aria-toolkit/utils": "^0.0.1-alpha.0",
				"@igor.dvlpr/adblock-filter-counter": "^1.0.0",
				"@igor.dvlpr/normalized-string": "^1.0.1",
				"@igor.dvlpr/upath": "^2.1.2",
				"chalk": "^5.3.0"
			},
			"devDependencies": {
				"@biomejs/biome": "^1.8.3",
				"@types/node": "^20.14.9",
				"typescript": "^5.5.3"
			},
			"engines": {
				"node": ">=20.0"
			},
			"funding": {
				"url": "https://ko-fi.com/igorskyflyer"
			}
		},
		"node_modules/@aria-toolkit/shared": {
			"version": "0.0.1-alpha.0",
			"resolved": "https://registry.npmjs.org/@aria-toolkit/shared/-/shared-0.0.1-alpha.0.tgz",
			"integrity": "sha512-Y0W+xa0eAXYHEsX70FVxg9MEOk8RD5fzDEau3yfJSLNhox143A6wUa9v/P8jsVSUW95pxON3mIPigoLlcuIk9Q==",
			"license": "MIT",
			"dependencies": {
				"@igor.dvlpr/keppo": "^1.1.0",
				"@igor.dvlpr/my-file-path": "^1.0.1"
			},
			"engines": {
				"node": ">=20.0"
			},
			"funding": {
				"url": "https://ko-fi.com/igorskyflyer"
			}
		},
		"node_modules/@aria-toolkit/utils": {
			"version": "0.0.1-alpha.0",
			"resolved": "https://registry.npmjs.org/@aria-toolkit/utils/-/utils-0.0.1-alpha.0.tgz",
			"integrity": "sha512-dOz1fsR6iNBWBP87Pwf08bGSQtJdv/PMxSieK6ExOaDebPINUkzqYpOjIY3hu8O6deUPot/plPWXTWCkMnv95g==",
			"license": "MIT",
			"dependencies": {
				"@aria-toolkit/shared": "^0.0.1-alpha.0",
				"@igor.dvlpr/upath": "^2.1.2"
			},
			"engines": {
				"node": ">=20.0"
			},
			"funding": {
				"url": "https://ko-fi.com/igorskyflyer"
			}
		},
		"node_modules/@biomejs/biome": {
			"version": "1.8.3",
			"resolved": "https://registry.npmjs.org/@biomejs/biome/-/biome-1.8.3.tgz",
			"integrity": "sha512-/uUV3MV+vyAczO+vKrPdOW0Iaet7UnJMU4bNMinggGJTAnBPjCoLEYcyYtYHNnUNYlv4xZMH6hVIQCAozq8d5w==",
			"dev": true,
			"hasInstallScript": true,
			"license": "MIT OR Apache-2.0",
			"bin": {
				"biome": "bin/biome"
			},
			"engines": {
				"node": ">=14.21.3"
			},
			"funding": {
				"type": "opencollective",
				"url": "https://opencollective.com/biome"
			},
			"optionalDependencies": {
				"@biomejs/cli-darwin-arm64": "1.8.3",
				"@biomejs/cli-darwin-x64": "1.8.3",
				"@biomejs/cli-linux-arm64": "1.8.3",
				"@biomejs/cli-linux-arm64-musl": "1.8.3",
				"@biomejs/cli-linux-x64": "1.8.3",
				"@biomejs/cli-linux-x64-musl": "1.8.3",
				"@biomejs/cli-win32-arm64": "1.8.3",
				"@biomejs/cli-win32-x64": "1.8.3"
			}
		},
		"node_modules/@biomejs/cli-darwin-arm64": {
			"version": "1.8.3",
			"resolved": "https://registry.npmjs.org/@biomejs/cli-darwin-arm64/-/cli-darwin-arm64-1.8.3.tgz",
			"integrity": "sha512-9DYOjclFpKrH/m1Oz75SSExR8VKvNSSsLnVIqdnKexj6NwmiMlKk94Wa1kZEdv6MCOHGHgyyoV57Cw8WzL5n3A==",
			"cpu": [
				"arm64"
			],
			"dev": true,
			"license": "MIT OR Apache-2.0",
			"optional": true,
			"os": [
				"darwin"
			],
			"engines": {
				"node": ">=14.21.3"
			}
		},
		"node_modules/@biomejs/cli-darwin-x64": {
			"version": "1.8.3",
			"resolved": "https://registry.npmjs.org/@biomejs/cli-darwin-x64/-/cli-darwin-x64-1.8.3.tgz",
			"integrity": "sha512-UeW44L/AtbmOF7KXLCoM+9PSgPo0IDcyEUfIoOXYeANaNXXf9mLUwV1GeF2OWjyic5zj6CnAJ9uzk2LT3v/wAw==",
			"cpu": [
				"x64"
			],
			"dev": true,
			"license": "MIT OR Apache-2.0",
			"optional": true,
			"os": [
				"darwin"
			],
			"engines": {
				"node": ">=14.21.3"
			}
		},
		"node_modules/@biomejs/cli-linux-arm64": {
			"version": "1.8.3",
			"resolved": "https://registry.npmjs.org/@biomejs/cli-linux-arm64/-/cli-linux-arm64-1.8.3.tgz",
			"integrity": "sha512-fed2ji8s+I/m8upWpTJGanqiJ0rnlHOK3DdxsyVLZQ8ClY6qLuPc9uehCREBifRJLl/iJyQpHIRufLDeotsPtw==",
			"cpu": [
				"arm64"
			],
			"dev": true,
			"license": "MIT OR Apache-2.0",
			"optional": true,
			"os": [
				"linux"
			],
			"engines": {
				"node": ">=14.21.3"
			}
		},
		"node_modules/@biomejs/cli-linux-arm64-musl": {
			"version": "1.8.3",
			"resolved": "https://registry.npmjs.org/@biomejs/cli-linux-arm64-musl/-/cli-linux-arm64-musl-1.8.3.tgz",
			"integrity": "sha512-9yjUfOFN7wrYsXt/T/gEWfvVxKlnh3yBpnScw98IF+oOeCYb5/b/+K7YNqKROV2i1DlMjg9g/EcN9wvj+NkMuQ==",
			"cpu": [
				"arm64"
			],
			"dev": true,
			"license": "MIT OR Apache-2.0",
			"optional": true,
			"os": [
				"linux"
			],
			"engines": {
				"node": ">=14.21.3"
			}
		},
		"node_modules/@biomejs/cli-linux-x64": {
			"version": "1.8.3",
			"resolved": "https://registry.npmjs.org/@biomejs/cli-linux-x64/-/cli-linux-x64-1.8.3.tgz",
			"integrity": "sha512-I8G2QmuE1teISyT8ie1HXsjFRz9L1m5n83U1O6m30Kw+kPMPSKjag6QGUn+sXT8V+XWIZxFFBoTDEDZW2KPDDw==",
			"cpu": [
				"x64"
			],
			"dev": true,
			"license": "MIT OR Apache-2.0",
			"optional": true,
			"os": [
				"linux"
			],
			"engines": {
				"node": ">=14.21.3"
			}
		},
		"node_modules/@biomejs/cli-linux-x64-musl": {
			"version": "1.8.3",
			"resolved": "https://registry.npmjs.org/@biomejs/cli-linux-x64-musl/-/cli-linux-x64-musl-1.8.3.tgz",
			"integrity": "sha512-UHrGJX7PrKMKzPGoEsooKC9jXJMa28TUSMjcIlbDnIO4EAavCoVmNQaIuUSH0Ls2mpGMwUIf+aZJv657zfWWjA==",
			"cpu": [
				"x64"
			],
			"dev": true,
			"license": "MIT OR Apache-2.0",
			"optional": true,
			"os": [
				"linux"
			],
			"engines": {
				"node": ">=14.21.3"
			}
		},
		"node_modules/@biomejs/cli-win32-arm64": {
			"version": "1.8.3",
			"resolved": "https://registry.npmjs.org/@biomejs/cli-win32-arm64/-/cli-win32-arm64-1.8.3.tgz",
			"integrity": "sha512-J+Hu9WvrBevfy06eU1Na0lpc7uR9tibm9maHynLIoAjLZpQU3IW+OKHUtyL8p6/3pT2Ju5t5emReeIS2SAxhkQ==",
			"cpu": [
				"arm64"
			],
			"dev": true,
			"license": "MIT OR Apache-2.0",
			"optional": true,
			"os": [
				"win32"
			],
			"engines": {
				"node": ">=14.21.3"
			}
		},
		"node_modules/@biomejs/cli-win32-x64": {
			"version": "1.8.3",
			"resolved": "https://registry.npmjs.org/@biomejs/cli-win32-x64/-/cli-win32-x64-1.8.3.tgz",
			"integrity": "sha512-/PJ59vA1pnQeKahemaQf4Nyj7IKUvGQSc3Ze1uIGi+Wvr1xF7rGobSrAAG01T/gUDG21vkDsZYM03NAmPiVkqg==",
			"cpu": [
				"x64"
			],
			"dev": true,
			"license": "MIT OR Apache-2.0",
			"optional": true,
			"os": [
				"win32"
			],
			"engines": {
				"node": ">=14.21.3"
			}
		},
		"node_modules/@igor.dvlpr/adblock-filter-counter": {
			"version": "1.0.0",
			"resolved": "https://registry.npmjs.org/@igor.dvlpr/adblock-filter-counter/-/adblock-filter-counter-1.0.0.tgz",
			"integrity": "sha512-wpDNlmykYet3Bi7eNmyyV9TP0rUgsNYJQCRylXxsO4me0gvcyH40Y1vNOQc4TLq+suQwroh0kCIGKRSvefEaCA==",
			"license": "MIT",
			"engines": {
				"node": ">=16.0"
			},
			"funding": {
				"url": "https://ko-fi.com/igorskyflyer"
			}
		},
		"node_modules/@igor.dvlpr/extendable-string": {
			"version": "1.0.0",
			"resolved": "https://registry.npmjs.org/@igor.dvlpr/extendable-string/-/extendable-string-1.0.0.tgz",
			"integrity": "sha512-qIb1bKB/+hL/HSDfcfxPJOiQnkeqASWkhHz8rY6RrMWJz8LGzF2DioWZ4fneHXnvIozhcDUqtR/XlvNn9Qy3WQ==",
			"license": "MIT",
			"engines": {
				"node": ">=16.0"
			},
			"funding": {
				"url": "https://ko-fi.com/igorskyflyer"
			}
		},
		"node_modules/@igor.dvlpr/keppo": {
			"version": "1.1.0",
			"resolved": "https://registry.npmjs.org/@igor.dvlpr/keppo/-/keppo-1.1.0.tgz",
			"integrity": "sha512-OkB6WBishuTtqiHmNMOxQ4ltqv/OCkV+tOmvjzlsqjTjR8bw86M9BMwHVnFTxnI2XJ+fwi1DC7EJ5H2H0RKgEg==",
			"license": "MIT",
			"engines": {
				"node": ">=12.17"
			}
		},
		"node_modules/@igor.dvlpr/my-file-path": {
			"version": "1.0.1",
			"resolved": "https://registry.npmjs.org/@igor.dvlpr/my-file-path/-/my-file-path-1.0.1.tgz",
			"integrity": "sha512-N51q87L/3mi29KX/XKql0helE8P92jJlMIZsPs+lOgH0ahd8eJuPQJx/D6xrRokSShT6RljqRuU9n1Z+Z8zukw==",
			"license": "MIT",
			"dependencies": {
				"@igor.dvlpr/zing": "^2.0.0"
			},
			"engines": {
				"node": ">=18.0"
			},
			"funding": {
				"url": "https://ko-fi.com/igorskyflyer"
			}
		},
		"node_modules/@igor.dvlpr/normalized-string": {
			"version": "1.0.1",
			"resolved": "https://registry.npmjs.org/@igor.dvlpr/normalized-string/-/normalized-string-1.0.1.tgz",
			"integrity": "sha512-7drCle7lkkikmIBjTdUAWFqgoRkSmclA13i+3P1knPEvntAqDk1uZVyIVmoqC9IRFX69sRmjbxuces+WoDpr9Q==",
			"license": "MIT",
			"dependencies": {
				"@igor.dvlpr/extendable-string": "^1.0.0"
			},
			"engines": {
				"node": ">=16.0"
			},
			"funding": {
				"url": "https://ko-fi.com/igorskyflyer"
			}
		},
		"node_modules/@igor.dvlpr/unc-path": {
			"version": "2.1.2",
			"resolved": "https://registry.npmjs.org/@igor.dvlpr/unc-path/-/unc-path-2.1.2.tgz",
			"integrity": "sha512-sHHtAqCMdsZghiCyIqssixSKGwAFKyYsd6tua647/Qzl6JtDizdVRx4yTJheA5+NA/wL4rgL5UXPafCyXCNeZw==",
			"license": "MIT",
			"engines": {
				"node": ">=12.17"
			},
			"funding": {
				"url": "https://ko-fi.com/igorskyflyer"
			}
		},
		"node_modules/@igor.dvlpr/upath": {
			"version": "2.1.2",
			"resolved": "https://registry.npmjs.org/@igor.dvlpr/upath/-/upath-2.1.2.tgz",
			"integrity": "sha512-29zp17FN2wsX8Nbo5Ls0JTjkmIWM1EMh4NHWZPgyjvmnVe2EcWImETxJG/KBMfiVnPYsP9jhdX5FO4iJ8KMwZw==",
			"license": "MIT",
			"dependencies": {
				"@igor.dvlpr/unc-path": "^2.1.0"
			},
			"engines": {
				"node": ">=12.17"
			}
		},
		"node_modules/@igor.dvlpr/zing": {
			"version": "2.0.0",
			"resolved": "https://registry.npmjs.org/@igor.dvlpr/zing/-/zing-2.0.0.tgz",
			"integrity": "sha512-2nlaq9IPn15CZmy9AlZBZtEjPo4pL5ernKut3chYAjXpmuDDR0XE09oIK+iXmMHnsE4HIS8mavsGlaOC8kf0VQ==",
			"license": "MIT",
			"engines": {
				"node": ">=16.0"
			},
			"funding": {
				"url": "https://ko-fi.com/igorskyflyer"
			}
		},
		"node_modules/@types/node": {
			"version": "20.14.9",
			"resolved": "https://registry.npmjs.org/@types/node/-/node-20.14.9.tgz",
			"integrity": "sha512-06OCtnTXtWOZBJlRApleWndH4JsRVs1pDCc8dLSQp+7PpUpX3ePdHyeNSFTeSe7FtKyQkrlPvHwJOW3SLd8Oyg==",
			"dev": true,
			"license": "MIT",
			"dependencies": {
				"undici-types": "~5.26.4"
			}
		},
		"node_modules/chalk": {
			"version": "5.3.0",
			"resolved": "https://registry.npmjs.org/chalk/-/chalk-5.3.0.tgz",
			"integrity": "sha512-dLitG79d+GV1Nb/VYcCDFivJeK1hiukt9QjRNVOsUtTy1rR1YJsmpGGTZ3qJos+uw7WmWF4wUwBd9jxjocFC2w==",
			"license": "MIT",
			"engines": {
				"node": "^12.17.0 || ^14.13 || >=16.0.0"
			},
			"funding": {
				"url": "https://github.com/chalk/chalk?sponsor=1"
			}
		},
		"node_modules/typescript": {
			"version": "5.5.3",
			"resolved": "https://registry.npmjs.org/typescript/-/typescript-5.5.3.tgz",
			"integrity": "sha512-/hreyEujaB0w76zKo6717l3L0o/qEUtRgdvUBvlkhoWeOVMjMuHNHk0BRBzikzuGDqNmPQbg5ifMEqsHLiIUcQ==",
			"dev": true,
			"license": "Apache-2.0",
			"bin": {
				"tsc": "bin/tsc",
				"tsserver": "bin/tsserver"
			},
			"engines": {
				"node": ">=14.17"
			}
		},
		"node_modules/undici-types": {
			"version": "5.26.5",
			"resolved": "https://registry.npmjs.org/undici-types/-/undici-types-5.26.5.tgz",
			"integrity": "sha512-JlCMO+ehdEIKqlFxk6IfVoAUVmgz7cU7zD/h9XZ0qzeosSHmUJVOzSQvvYSYWXkFXC+IfLKSIffhv0sVZup6pA==",
			"dev": true,
			"license": "MIT"
		}
	}
}
